<?xml version="1.0" encoding="utf-8"?>
<Project ToolsVersion="4.0" xmlns="http://schemas.microsoft.com/developer/msbuild/2003">
  <ItemGroup>
    <ClCompile Include="..\..\Source\generated\moc_AboutDialog.cpp">
      <Filter>Generated Files</Filter>
    </ClCompile>
    <ClCompile Include="..\..\Source\generated\moc_Aperture.cpp">
      <Filter>Generated Files</Filter>
    </ClCompile>
    <ClCompile Include="..\..\Source\generated\moc_ApertureWidget.cpp">
      <Filter>Generated Files</Filter>
    </ClCompile>
    <ClCompile Include="..\..\Source\generated\moc_AppearanceDockWidget.cpp">
      <Filter>Generated Files</Filter>
    </ClCompile>
    <ClCompile Include="..\..\Source\generated\moc_AppearanceSettingsWidget.cpp">
      <Filter>Generated Files</Filter>
    </ClCompile>
    <ClCompile Include="..\..\Source\generated\moc_Background.cpp">
      <Filter>Generated Files</Filter>
    </ClCompile>
    <ClCompile Include="..\..\Source\generated\moc_BackgroundWidget.cpp">
      <Filter>Generated Files</Filter>
    </ClCompile>
    <ClCompile Include="..\..\Source\generated\moc_Camera.cpp">
      <Filter>Generated Files</Filter>
    </ClCompile>
    <ClCompile Include="..\..\Source\generated\moc_CameraDockWidget.cpp">
      <Filter>Generated Files</Filter>
    </ClCompile>
    <ClCompile Include="..\..\Source\generated\moc_CameraWidget.cpp">
      <Filter>Generated Files</Filter>
    </ClCompile>
    <ClCompile Include="..\..\Source\generated\moc_Controls.cpp">
      <Filter>Generated Files</Filter>
    </ClCompile>
    <ClCompile Include="..\..\Source\generated\moc_Film.cpp">
      <Filter>Generated Files</Filter>
    </ClCompile>
    <ClCompile Include="..\..\Source\generated\moc_FilmWidget.cpp">
      <Filter>Generated Files</Filter>
    </ClCompile>
    <ClCompile Include="..\..\Source\generated\moc_Focus.cpp">
      <Filter>Generated Files</Filter>
    </ClCompile>
    <ClCompile Include="..\..\Source\generated\moc_FocusWidget.cpp">
      <Filter>Generated Files</Filter>
    </ClCompile>
    <ClCompile Include="..\..\Source\generated\moc_HardwareWidget.cpp">
      <Filter>Generated Files</Filter>
    </ClCompile>
    <ClCompile Include="..\..\Source\generated\moc_Histogram.cpp">
      <Filter>Generated Files</Filter>
    </ClCompile>
    <ClCompile Include="..\..\Source\generated\moc_HttpGet.cpp">
      <Filter>Generated Files</Filter>
    </ClCompile>
    <ClCompile Include="..\..\Source\generated\moc_Light.cpp">
      <Filter>Generated Files</Filter>
    </ClCompile>
    <ClCompile Include="..\..\Source\generated\moc_Lighting.cpp">
      <Filter>Generated Files</Filter>
    </ClCompile>
    <ClCompile Include="..\..\Source\generated\moc_LightingDockWidget.cpp">
      <Filter>Generated Files</Filter>
    </ClCompile>
    <ClCompile Include="..\..\Source\generated\moc_LightingWidget.cpp">
      <Filter>Generated Files</Filter>
    </ClCompile>
    <ClCompile Include="..\..\Source\generated\moc_LightsWidget.cpp">
      <Filter>Generated Files</Filter>
    </ClCompile>
    <ClCompile Include="..\..\Source\generated\moc_LightWidget.cpp">
      <Filter>Generated Files</Filter>
    </ClCompile>
    <ClCompile Include="..\..\Source\generated\moc_LoadSettingsDialog.cpp">
      <Filter>Generated Files</Filter>
    </ClCompile>
    <ClCompile Include="..\..\Source\generated\moc_LogDockWidget.cpp">
      <Filter>Generated Files</Filter>
    </ClCompile>
    <ClCompile Include="..\..\Source\generated\moc_Logger.cpp">
      <Filter>Generated Files</Filter>
    </ClCompile>
    <ClCompile Include="..\..\Source\generated\moc_LogWidget.cpp">
      <Filter>Generated Files</Filter>
    </ClCompile>
    <ClCompile Include="..\..\Source\generated\moc_MainWindow.cpp">
      <Filter>Generated Files</Filter>
    </ClCompile>
    <ClCompile Include="..\..\Source\generated\moc_Node.cpp">
      <Filter>Generated Files</Filter>
    </ClCompile>
    <ClCompile Include="..\..\Source\generated\moc_NodePropertiesWidget.cpp">
      <Filter>Generated Files</Filter>
    </ClCompile>
    <ClCompile Include="..\..\Source\generated\moc_NodeSelectionWidget.cpp">
      <Filter>Generated Files</Filter>
    </ClCompile>
    <ClCompile Include="..\..\Source\generated\moc_Preset.cpp">
      <Filter>Generated Files</Filter>
    </ClCompile>
    <ClCompile Include="..\..\Source\generated\moc_PresetsWidget.cpp">
      <Filter>Generated Files</Filter>
    </ClCompile>
    <ClCompile Include="..\..\Source\generated\moc_Projection.cpp">
      <Filter>Generated Files</Filter>
    </ClCompile>
    <ClCompile Include="..\..\Source\generated\moc_ProjectionWidget.cpp">
      <Filter>Generated Files</Filter>
    </ClCompile>
    <ClCompile Include="..\..\Source\generated\moc_RenderThread.cpp">
      <Filter>Generated Files</Filter>
    </ClCompile>
    <ClCompile Include="..\..\Source\generated\moc_SettingsDockWidget.cpp">
      <Filter>Generated Files</Filter>
    </ClCompile>
    <ClCompile Include="..\..\Source\generated\moc_StartupDialog.cpp">
      <Filter>Generated Files</Filter>
    </ClCompile>
    <ClCompile Include="..\..\Source\generated\moc_StatisticsDockWidget.cpp">
      <Filter>Generated Files</Filter>
    </ClCompile>
    <ClCompile Include="..\..\Source\generated\moc_StatisticsWidget.cpp">
      <Filter>Generated Files</Filter>
    </ClCompile>
    <ClCompile Include="..\..\Source\generated\moc_Status.cpp">
      <Filter>Generated Files</Filter>
    </ClCompile>
    <ClCompile Include="..\..\Source\generated\moc_TransferFunction.cpp">
      <Filter>Generated Files</Filter>
    </ClCompile>
    <ClCompile Include="..\..\Source\generated\moc_TransferFunctionView.cpp">
      <Filter>Generated Files</Filter>
    </ClCompile>
    <ClCompile Include="..\..\Source\generated\moc_TransferFunctionWidget.cpp">
      <Filter>Generated Files</Filter>
    </ClCompile>
    <ClCompile Include="..\..\Source\generated\moc_UpdateWidget.cpp">
      <Filter>Generated Files</Filter>
    </ClCompile>
    <ClCompile Include="..\..\Source\generated\moc_VtkWidget.cpp">
      <Filter>Generated Files</Filter>
    </ClCompile>
    <ClCompile Include="..\..\Source\AboutDialog.cpp">
      <Filter>Source Files</Filter>
    </ClCompile>
    <ClCompile Include="..\..\Source\Aperture.cpp">
      <Filter>Source Files</Filter>
    </ClCompile>
    <ClCompile Include="..\..\Source\ApertureWidget.cpp">
      <Filter>Source Files</Filter>
    </ClCompile>
    <ClCompile Include="..\..\Source\Appearance.cpp">
      <Filter>Source Files</Filter>
    </ClCompile>
    <ClCompile Include="..\..\Source\AppearanceDockWidget.cpp">
      <Filter>Source Files</Filter>
    </ClCompile>
    <ClCompile Include="..\..\Source\AppearanceSettingsWidget.cpp">
      <Filter>Source Files</Filter>
    </ClCompile>
    <ClCompile Include="..\..\Source\Background.cpp">
      <Filter>Source Files</Filter>
    </ClCompile>
    <ClCompile Include="..\..\Source\BackgroundItem.cpp">
      <Filter>Source Files</Filter>
    </ClCompile>
    <ClCompile Include="..\..\Source\BackgroundWidget.cpp">
      <Filter>Source Files</Filter>
    </ClCompile>
    <ClCompile Include="..\..\Source\Camera.cpp">
      <Filter>Source Files</Filter>
    </ClCompile>
    <ClCompile Include="..\..\Source\CameraDockWidget.cpp">
      <Filter>Source Files</Filter>
    </ClCompile>
    <ClCompile Include="..\..\Source\CameraWidget.cpp">
      <Filter>Source Files</Filter>
    </ClCompile>
    <ClCompile Include="..\..\Source\Controls.cpp">
      <Filter>Source Files</Filter>
    </ClCompile>
    <ClCompile Include="..\..\Source\CudaUtilities.cpp">
      <Filter>Source Files</Filter>
    </ClCompile>
    <ClCompile Include="..\..\Source\EdgeItem.cpp">
      <Filter>Source Files</Filter>
    </ClCompile>
    <ClCompile Include="..\..\Source\Film.cpp">
      <Filter>Source Files</Filter>
    </ClCompile>
    <ClCompile Include="..\..\Source\FilmWidget.cpp">
      <Filter>Source Files</Filter>
    </ClCompile>
    <ClCompile Include="..\..\Source\Flags.cpp">
      <Filter>Source Files</Filter>
    </ClCompile>
    <ClCompile Include="..\..\Source\Focus.cpp">
      <Filter>Source Files</Filter>
    </ClCompile>
    <ClCompile Include="..\..\Source\FocusWidget.cpp">
      <Filter>Source Files</Filter>
    </ClCompile>
    <ClCompile Include="..\..\Source\Geometry.cpp">
      <Filter>Source Files</Filter>
    </ClCompile>
    <ClCompile Include="..\..\Source\GradientRamp.cpp">
      <Filter>Source Files</Filter>
    </ClCompile>
    <ClCompile Include="..\..\Source\GridItem.cpp">
      <Filter>Source Files</Filter>
    </ClCompile>
    <ClCompile Include="..\..\Source\HardwareWidget.cpp">
      <Filter>Source Files</Filter>
    </ClCompile>
    <ClCompile Include="..\..\Source\Histogram.cpp">
      <Filter>Source Files</Filter>
    </ClCompile>
    <ClCompile Include="..\..\Source\HistogramItem.cpp">
      <Filter>Source Files</Filter>
    </ClCompile>
    <ClCompile Include="..\..\Source\HttpGet.cpp">
      <Filter>Source Files</Filter>
    </ClCompile>
    <ClCompile Include="..\..\Source\InteractorStyleRealisticCamera.cpp">
      <Filter>Source Files</Filter>
    </ClCompile>
    <ClCompile Include="..\..\Source\Light.cpp">
      <Filter>Source Files</Filter>
    </ClCompile>
    <ClCompile Include="..\..\Source\Lighting.cpp">
      <Filter>Source Files</Filter>
    </ClCompile>
    <ClCompile Include="..\..\Source\LightingDockWidget.cpp">
      <Filter>Source Files</Filter>
    </ClCompile>
    <ClCompile Include="..\..\Source\LightingWidget.cpp">
      <Filter>Source Files</Filter>
    </ClCompile>
    <ClCompile Include="..\..\Source\LightInline.cpp">
      <Filter>Source Files</Filter>
    </ClCompile>
    <ClCompile Include="..\..\Source\LightsWidget.cpp">
      <Filter>Source Files</Filter>
    </ClCompile>
    <ClCompile Include="..\..\Source\LightWidget.cpp">
      <Filter>Source Files</Filter>
    </ClCompile>
    <ClCompile Include="..\..\Source\LoadSettingsDialog.cpp">
      <Filter>Source Files</Filter>
    </ClCompile>
    <ClCompile Include="..\..\Source\LogDockWidget.cpp">
      <Filter>Source Files</Filter>
    </ClCompile>
    <ClCompile Include="..\..\Source\Logger.cpp">
      <Filter>Source Files</Filter>
    </ClCompile>
    <ClCompile Include="..\..\Source\LogWidget.cpp">
      <Filter>Source Files</Filter>
    </ClCompile>
    <ClCompile Include="..\..\Source\Main.cpp">
      <Filter>Source Files</Filter>
    </ClCompile>
    <ClCompile Include="..\..\Source\MainWindow.cpp">
      <Filter>Source Files</Filter>
    </ClCompile>
    <ClCompile Include="..\..\Source\Node.cpp">
      <Filter>Source Files</Filter>
    </ClCompile>
    <ClCompile Include="..\..\Source\NodeItem.cpp">
      <Filter>Source Files</Filter>
    </ClCompile>
    <ClCompile Include="..\..\Source\NodePropertiesWidget.cpp">
      <Filter>Source Files</Filter>
    </ClCompile>
    <ClCompile Include="..\..\Source\NodeSelectionWidget.cpp">
      <Filter>Source Files</Filter>
    </ClCompile>
    <ClCompile Include="..\..\Source\Preset.cpp">
      <Filter>Source Files</Filter>
    </ClCompile>
    <ClCompile Include="..\..\Source\PresetsWidget.cpp">
      <Filter>Source Files</Filter>
    </ClCompile>
    <ClCompile Include="..\..\Source\Projection.cpp">
      <Filter>Source Files</Filter>
    </ClCompile>
    <ClCompile Include="..\..\Source\ProjectionWidget.cpp">
      <Filter>Source Files</Filter>
    </ClCompile>
    <ClCompile Include="..\..\Source\RenderThread.cpp">
      <Filter>Source Files</Filter>
    </ClCompile>
    <ClCompile Include="..\..\Source\Scene.cpp">
      <Filter>Source Files</Filter>
    </ClCompile>
    <ClCompile Include="..\..\Source\SettingsDockWidget.cpp">
      <Filter>Source Files</Filter>
    </ClCompile>
    <ClCompile Include="..\..\Source\Spectrum.cpp">
      <Filter>Source Files</Filter>
    </ClCompile>
    <ClCompile Include="..\..\Source\Stable.cpp">
      <Filter>Source Files</Filter>
    </ClCompile>
    <ClCompile Include="..\..\Source\StartupDialog.cpp">
      <Filter>Source Files</Filter>
    </ClCompile>
    <ClCompile Include="..\..\Source\StatisticsDockWidget.cpp">
      <Filter>Source Files</Filter>
    </ClCompile>
    <ClCompile Include="..\..\Source\StatisticsWidget.cpp">
      <Filter>Source Files</Filter>
    </ClCompile>
    <ClCompile Include="..\..\Source\Status.cpp">
      <Filter>Source Files</Filter>
    </ClCompile>
    <ClCompile Include="..\..\Source\Timing.cpp">
      <Filter>Source Files</Filter>
    </ClCompile>
    <ClCompile Include="..\..\Source\TransferFunction.cpp">
      <Filter>Source Files</Filter>
    </ClCompile>
    <ClCompile Include="..\..\Source\TransferFunctionItem.cpp">
      <Filter>Source Files</Filter>
    </ClCompile>
    <ClCompile Include="..\..\Source\TransferFunctionView.cpp">
      <Filter>Source Files</Filter>
    </ClCompile>
    <ClCompile Include="..\..\Source\TransferFunctionWidget.cpp">
      <Filter>Source Files</Filter>
    </ClCompile>
    <ClCompile Include="..\..\Source\UpdateWidget.cpp">
      <Filter>Source Files</Filter>
    </ClCompile>
    <ClCompile Include="..\..\Source\Utilities.cpp">
      <Filter>Source Files</Filter>
    </ClCompile>
    <ClCompile Include="..\..\Source\Variance.cpp">
      <Filter>Source Files</Filter>
    </ClCompile>
    <ClCompile Include="..\..\Source\VolumeMapper.cpp">
      <Filter>Source Files</Filter>
    </ClCompile>
    <ClCompile Include="..\..\Source\VtkWidget.cpp">
      <Filter>Source Files</Filter>
    </ClCompile>
  </ItemGroup>
  <ItemGroup>
    <Filter Include="CUDA">
      <UniqueIdentifier>{c5aba9a1-6a71-45fa-b4a1-6e279f481d53}</UniqueIdentifier>
    </Filter>
    <Filter Include="Source Files">
      <UniqueIdentifier>{5233c00f-2b22-4318-8714-bc25366e9a31}</UniqueIdentifier>
    </Filter>
    <Filter Include="Generated Files">
      <UniqueIdentifier>{9e5c5bd0-ea2e-40f2-875d-9ab1fd237591}</UniqueIdentifier>
    </Filter>
  </ItemGroup>
  <ItemGroup>
    <CudaCompile Include="..\..\Source\Core.cu">
      <Filter>CUDA</Filter>
    </CudaCompile>
  </ItemGroup>
</Project>